// !$*UTF8*$!
{
	archiveVersion = 1;
	classes = {
	};
	objectVersion = 50;
	objects = {

/* Begin PBXBuildFile section */
		FFE7804D219969C9000C1194 /* AppDelegate.swift in Sources */ = {isa = PBXBuildFile; fileRef = FFE7804C219969C9000C1194 /* AppDelegate.swift */; };
		FFE7804F219969C9000C1194 /* ViewController.swift in Sources */ = {isa = PBXBuildFile; fileRef = FFE7804E219969C9000C1194 /* ViewController.swift */; };
		FFE78052219969C9000C1194 /* Main.storyboard in Resources */ = {isa = PBXBuildFile; fileRef = FFE78050219969C9000C1194 /* Main.storyboard */; };
		FFE78057219969CB000C1194 /* LaunchScreen.storyboard in Resources */ = {isa = PBXBuildFile; fileRef = FFE78055219969CB000C1194 /* LaunchScreen.storyboard */; };
		FFE7806021996D29000C1194 /* Extensions+UIView.swift in Sources */ = {isa = PBXBuildFile; fileRef = FFE7805F21996D29000C1194 /* Extensions+UIView.swift */; };
		FFE78063219984AD000C1194 /* HomeBottomControlsStackView.swift in Sources */ = {isa = PBXBuildFile; fileRef = FFE78062219984AD000C1194 /* HomeBottomControlsStackView.swift */; };
		FFE780672199887D000C1194 /* TopNavigationStackView.swift in Sources */ = {isa = PBXBuildFile; fileRef = FFE780662199887D000C1194 /* TopNavigationStackView.swift */; };
		FFE7806921998FF9000C1194 /* CardView.swift in Sources */ = {isa = PBXBuildFile; fileRef = FFE7806821998FF9000C1194 /* CardView.swift */; };
		FFE7806B219990C3000C1194 /* Assets.xcassets in Resources */ = {isa = PBXBuildFile; fileRef = FFE7806A219990C3000C1194 /* Assets.xcassets */; };
/* End PBXBuildFile section */

/* Begin PBXFileReference section */
		FFE78049219969C9000C1194 /* DatingFirestore.app */ = {isa = PBXFileReference; explicitFileType = wrapper.application; includeInIndex = 0; path = DatingFirestore.app; sourceTree = BUILT_PRODUCTS_DIR; };
		FFE7804C219969C9000C1194 /* AppDelegate.swift */ = {isa = PBXFileReference; lastKnownFileType = sourcecode.swift; path = AppDelegate.swift; sourceTree = "<group>"; };
		FFE7804E219969C9000C1194 /* ViewController.swift */ = {isa = PBXFileReference; lastKnownFileType = sourcecode.swift; path = ViewController.swift; sourceTree = "<group>"; };
		FFE78051219969C9000C1194 /* Base */ = {isa = PBXFileReference; lastKnownFileType = file.storyboard; name = Base; path = Base.lproj/Main.storyboard; sourceTree = "<group>"; };
		FFE78056219969CB000C1194 /* Base */ = {isa = PBXFileReference; lastKnownFileType = file.storyboard; name = Base; path = Base.lproj/LaunchScreen.storyboard; sourceTree = "<group>"; };
		FFE78058219969CB000C1194 /* Info.plist */ = {isa = PBXFileReference; lastKnownFileType = text.plist.xml; path = Info.plist; sourceTree = "<group>"; };
		FFE7805F21996D29000C1194 /* Extensions+UIView.swift */ = {isa = PBXFileReference; lastKnownFileType = sourcecode.swift; path = "Extensions+UIView.swift"; sourceTree = "<group>"; };
		FFE78062219984AD000C1194 /* HomeBottomControlsStackView.swift */ = {isa = PBXFileReference; lastKnownFileType = sourcecode.swift; path = HomeBottomControlsStackView.swift; sourceTree = "<group>"; };
		FFE780662199887D000C1194 /* TopNavigationStackView.swift */ = {isa = PBXFileReference; lastKnownFileType = sourcecode.swift; path = TopNavigationStackView.swift; sourceTree = "<group>"; };
		FFE7806821998FF9000C1194 /* CardView.swift */ = {isa = PBXFileReference; lastKnownFileType = sourcecode.swift; path = CardView.swift; sourceTree = "<group>"; };
		FFE7806A219990C3000C1194 /* Assets.xcassets */ = {isa = PBXFileReference; lastKnownFileType = folder.assetcatalog; path = Assets.xcassets; sourceTree = "<group>"; };
/* End PBXFileReference section */

/* Begin PBXFrameworksBuildPhase section */
		FFE78046219969C9000C1194 /* Frameworks */ = {
			isa = PBXFrameworksBuildPhase;
			buildActionMask = 2147483647;
			files = (
			);
			runOnlyForDeploymentPostprocessing = 0;
		};
/* End PBXFrameworksBuildPhase section */

/* Begin PBXGroup section */
		FFE78040219969C9000C1194 = {
			isa = PBXGroup;
			children = (
				FFE7804B219969C9000C1194 /* DatingFirestore */,
				FFE7804A219969C9000C1194 /* Products */,
			);
			sourceTree = "<group>";
		};
		FFE7804A219969C9000C1194 /* Products */ = {
			isa = PBXGroup;
			children = (
				FFE78049219969C9000C1194 /* DatingFirestore.app */,
			);
			name = Products;
			sourceTree = "<group>";
		};
		FFE7804B219969C9000C1194 /* DatingFirestore */ = {
			isa = PBXGroup;
			children = (
				FFE7806121998483000C1194 /* Views */,
				FFE7805E21996D00000C1194 /* Extensions */,
				FFE7804C219969C9000C1194 /* AppDelegate.swift */,
				FFE7804E219969C9000C1194 /* ViewController.swift */,
				FFE78050219969C9000C1194 /* Main.storyboard */,
				FFE7806A219990C3000C1194 /* Assets.xcassets */,
				FFE78055219969CB000C1194 /* LaunchScreen.storyboard */,
				FFE78058219969CB000C1194 /* Info.plist */,
			);
			path = DatingFirestore;
			sourceTree = "<group>";
		};
		FFE7805E21996D00000C1194 /* Extensions */ = {
			isa = PBXGroup;
			children = (
				FFE7805F21996D29000C1194 /* Extensions+UIView.swift */,
			);
			path = Extensions;
			sourceTree = "<group>";
		};
		FFE7806121998483000C1194 /* Views */ = {
			isa = PBXGroup;
			children = (
				FFE78062219984AD000C1194 /* HomeBottomControlsStackView.swift */,
				FFE780662199887D000C1194 /* TopNavigationStackView.swift */,
				FFE7806821998FF9000C1194 /* CardView.swift */,
			);
			path = Views;
			sourceTree = "<group>";
		};
/* End PBXGroup section */

/* Begin PBXNativeTarget section */
		FFE78048219969C9000C1194 /* DatingFirestore */ = {
			isa = PBXNativeTarget;
			buildConfigurationList = FFE7805B219969CB000C1194 /* Build configuration list for PBXNativeTarget "DatingFirestore" */;
			buildPhases = (
				FFE78045219969C9000C1194 /* Sources */,
				FFE78046219969C9000C1194 /* Frameworks */,
				FFE78047219969C9000C1194 /* Resources */,
			);
			buildRules = (
			);
			dependencies = (
			);
			name = DatingFirestore;
			productName = DatingFirestore;
			productReference = FFE78049219969C9000C1194 /* DatingFirestore.app */;
			productType = "com.apple.product-type.application";
		};
/* End PBXNativeTarget section */

/* Begin PBXProject section */
		FFE78041219969C9000C1194 /* Project object */ = {
			isa = PBXProject;
			attributes = {
				LastSwiftUpdateCheck = 1010;
				LastUpgradeCheck = 1010;
				ORGANIZATIONNAME = "Azhar Anwar";
				TargetAttributes = {
					FFE78048219969C9000C1194 = {
						CreatedOnToolsVersion = 10.1;
					};
				};
			};
			buildConfigurationList = FFE78044219969C9000C1194 /* Build configuration list for PBXProject "DatingFirestore" */;
			compatibilityVersion = "Xcode 9.3";
			developmentRegion = en;
			hasScannedForEncodings = 0;
			knownRegions = (
				en,
				Base,
			);
			mainGroup = FFE78040219969C9000C1194;
			productRefGroup = FFE7804A219969C9000C1194 /* Products */;
			projectDirPath = "";
			projectRoot = "";
			targets = (
				FFE78048219969C9000C1194 /* DatingFirestore */,
			);
		};
/* End PBXProject section */

/* Begin PBXResourcesBuildPhase section */
		FFE78047219969C9000C1194 /* Resources */ = {
			isa = PBXResourcesBuildPhase;
			buildActionMask = 2147483647;
			files = (
				FFE78057219969CB000C1194 /* LaunchScreen.storyboard in Resources */,
				FFE7806B219990C3000C1194 /* Assets.xcassets in Resources */,
				FFE78052219969C9000C1194 /* Main.storyboard in Resources */,
			);
			runOnlyForDeploymentPostprocessing = 0;
		};
/* End PBXResourcesBuildPhase section */

/* Begin PBXSourcesBuildPhase section */
		FFE78045219969C9000C1194 /* Sources */ = {
			isa = PBXSourcesBuildPhase;
			buildActionMask = 2147483647;
			files = (
				FFE7804F219969C9000C1194 /* ViewController.swift in Sources */,
				FFE78063219984AD000C1194 /* HomeBottomControlsStackView.swift in Sources */,
				FFE7804D219969C9000C1194 /* AppDelegate.swift in Sources */,
				FFE7806021996D29000C1194 /* Extensions+UIView.swift in Sources */,
				FFE7806921998FF9000C1194 /* CardView.swift in Sources */,
				FFE780672199887D000C1194 /* TopNavigationStackView.swift in Sources */,
			);
			runOnlyForDeploymentPostprocessing = 0;
		};
/* End PBXSourcesBuildPhase section */

/* Begin PBXVariantGroup section */
		FFE78050219969C9000C1194 /* Main.storyboard */ = {
			isa = PBXVariantGroup;
			children = (
				FFE78051219969C9000C1194 /* Base */,
			);
			name = Main.storyboard;
			sourceTree = "<group>";
		};
		FFE78055219969CB000C1194 /* LaunchScreen.storyboard */ = {
			isa = PBXVariantGroup;
			children = (
				FFE78056219969CB000C1194 /* Base */,
			);
			name = LaunchScreen.storyboard;
			sourceTree = "<group>";
		};
/* End PBXVariantGroup section */

/* Begin XCBuildConfiguration section */
		FFE78059219969CB000C1194 /* Debug */ = {
			isa = XCBuildConfiguration;
			buildSettings = {
				ALWAYS_SEARCH_USER_PATHS = NO;
				CLANG_ANALYZER_NONNULL = YES;
				CLANG_ANALYZER_NUMBER_OBJECT_CONVERSION = YES_AGGRESSIVE;
				CLANG_CXX_LANGUAGE_STANDARD = "gnu++14";
				CLANG_CXX_LIBRARY = "libc++";
				CLANG_ENABLE_MODULES = YES;
				CLANG_ENABLE_OBJC_ARC = YES;
				CLANG_ENABLE_OBJC_WEAK = YES;
				CLANG_WARN_BLOCK_CAPTURE_AUTORELEASING = YES;
				CLANG_WARN_BOOL_CONVERSION = YES;
				CLANG_WARN_COMMA = YES;
				CLANG_WARN_CONSTANT_CONVERSION = YES;
				CLANG_WARN_DEPRECATED_OBJC_IMPLEMENTATIONS = YES;
				CLANG_WARN_DIRECT_OBJC_ISA_USAGE = YES_ERROR;
				CLANG_WARN_DOCUMENTATION_COMMENTS = YES;
				CLANG_WARN_EMPTY_BODY = YES;
				CLANG_WARN_ENUM_CONVERSION = YES;
				CLANG_WARN_INFINITE_RECURSION = YES;
				CLANG_WARN_INT_CONVERSION = YES;
				CLANG_WARN_NON_LITERAL_NULL_CONVERSION = YES;
				CLANG_WARN_OBJC_IMPLICIT_RETAIN_SELF = YES;
				CLANG_WARN_OBJC_LITERAL_CONVERSION = YES;
				CLANG_WARN_OBJC_ROOT_CLASS = YES_ERROR;
				CLANG_WARN_RANGE_LOOP_ANALYSIS = YES;
				CLANG_WARN_STRICT_PROTOTYPES = YES;
				CLANG_WARN_SUSPICIOUS_MOVE = YES;
				CLANG_WARN_UNGUARDED_AVAILABILITY = YES_AGGRESSIVE;
				CLANG_WARN_UNREACHABLE_CODE = YES;
				CLANG_WARN__DUPLICATE_METHOD_MATCH = YES;
				CODE_SIGN_IDENTITY = "iPhone Developer";
				COPY_PHASE_STRIP = NO;
				DEBUG_INFORMATION_FORMAT = dwarf;
				ENABLE_STRICT_OBJC_MSGSEND = YES;
				ENABLE_TESTABILITY = YES;
				GCC_C_LANGUAGE_STANDARD = gnu11;
				GCC_DYNAMIC_NO_PIC = NO;
				GCC_NO_COMMON_BLOCKS = YES;
				GCC_OPTIMIZATION_LEVEL = 0;
				GCC_PREPROCESSOR_DEFINITIONS = (
					"DEBUG=1",
					"$(inherited)",
				);
				GCC_WARN_64_TO_32_BIT_CONVERSION = YES;
				GCC_WARN_ABOUT_RETURN_TYPE = YES_ERROR;
				GCC_WARN_UNDECLARED_SELECTOR = YES;
				GCC_WARN_UNINITIALIZED_AUTOS = YES_AGGRESSIVE;
				GCC_WARN_UNUSED_FUNCTION = YES;
				GCC_WARN_UNUSED_VARIABLE = YES;
				IPHONEOS_DEPLOYMENT_TARGET = 12.1;
				MTL_ENABLE_DEBUG_INFO = INCLUDE_SOURCE;
				MTL_FAST_MATH = YES;
				ONLY_ACTIVE_ARCH = YES;
				SDKROOT = iphoneos;
				SWIFT_ACTIVE_COMPILATION_CONDITIONS = DEBUG;
				SWIFT_OPTIMIZATION_LEVEL = "-Onone";
			};
			name = Debug;
		};
		FFE7805A219969CB000C1194 /* Release */ = {
			isa = XCBuildConfiguration;
			buildSettings = {
				ALWAYS_SEARCH_USER_PATHS = NO;
				CLANG_ANALYZER_NONNULL = YES;
				CLANG_ANALYZER_NUMBER_OBJECT_CONVERSION = YES_AGGRESSIVE;
				CLANG_CXX_LANGUAGE_STANDARD = "gnu++14";
				CLANG_CXX_LIBRARY = "libc++";
				CLANG_ENABLE_MODULES = YES;
				CLANG_ENABLE_OBJC_ARC = YES;
				CLANG_ENABLE_OBJC_WEAK = YES;
				CLANG_WARN_BLOCK_CAPTURE_AUTORELEASING = YES;
				CLANG_WARN_BOOL_CONVERSION = YES;
				CLANG_WARN_COMMA = YES;
				CLANG_WARN_CONSTANT_CONVERSION = YES;
				CLANG_WARN_DEPRECATED_OBJC_IMPLEMENTATIONS = YES;
				CLANG_WARN_DIRECT_OBJC_ISA_USAGE = YES_ERROR;
				CLANG_WARN_DOCUMENTATION_COMMENTS = YES;
				CLANG_WARN_EMPTY_BODY = YES;
				CLANG_WARN_ENUM_CONVERSION = YES;
				CLANG_WARN_INFINITE_RECURSION = YES;
				CLANG_WARN_INT_CONVERSION = YES;
				CLANG_WARN_NON_LITERAL_NULL_CONVERSION = YES;
				CLANG_WARN_OBJC_IMPLICIT_RETAIN_SELF = YES;
				CLANG_WARN_OBJC_LITERAL_CONVERSION = YES;
				CLANG_WARN_OBJC_ROOT_CLASS = YES_ERROR;
				CLANG_WARN_RANGE_LOOP_ANALYSIS = YES;
				CLANG_WARN_STRICT_PROTOTYPES = YES;
				CLANG_WARN_SUSPICIOUS_MOVE = YES;
				CLANG_WARN_UNGUARDED_AVAILABILITY = YES_AGGRESSIVE;
				CLANG_WARN_UNREACHABLE_CODE = YES;
				CLANG_WARN__DUPLICATE_METHOD_MATCH = YES;
				CODE_SIGN_IDENTITY = "iPhone Developer";
				COPY_PHASE_STRIP = NO;
				DEBUG_INFORMATION_FORMAT = "dwarf-with-dsym";
				ENABLE_NS_ASSERTIONS = NO;
				ENABLE_STRICT_OBJC_MSGSEND = YES;
				GCC_C_LANGUAGE_STANDARD = gnu11;
				GCC_NO_COMMON_BLOCKS = YES;
				GCC_WARN_64_TO_32_BIT_CONVERSION = YES;
				GCC_WARN_ABOUT_RETURN_TYPE = YES_ERROR;
				GCC_WARN_UNDECLARED_SELECTOR = YES;
				GCC_WARN_UNINITIALIZED_AUTOS = YES_AGGRESSIVE;
				GCC_WARN_UNUSED_FUNCTION = YES;
				GCC_WARN_UNUSED_VARIABLE = YES;
				IPHONEOS_DEPLOYMENT_TARGET = 12.1;
				MTL_ENABLE_DEBUG_INFO = NO;
				MTL_FAST_MATH = YES;
				SDKROOT = iphoneos;
				SWIFT_COMPILATION_MODE = wholemodule;
				SWIFT_OPTIMIZATION_LEVEL = "-O";
				VALIDATE_PRODUCT = YES;
			};
			name = Release;
		};
		FFE7805C219969CB000C1194 /* Debug */ = {
			isa = XCBuildConfiguration;
			buildSettings = {
				ASSETCATALOG_COMPILER_APPICON_NAME = AppIcon;
				CODE_SIGN_STYLE = Automatic;
				DEVELOPMENT_TEAM = RD7HUSH4T7;
				INFOPLIST_FILE = DatingFirestore/Info.plist;
				LD_RUNPATH_SEARCH_PATHS = (
					"$(inherited)",
					"@executable_path/Frameworks",
				);
				PRODUCT_BUNDLE_IDENTIFIER = com.rahzadesign.DatingFirestore;
				PRODUCT_NAME = "$(TARGET_NAME)";
				SWIFT_VERSION = 4.2;
				TARGETED_DEVICE_FAMILY = "1,2";
			};
			name = Debug;
		};
		FFE7805D219969CB000C1194 /* Release */ = {
			isa = XCBuildConfiguration;
			buildSettings = {
				ASSETCATALOG_COMPILER_APPICON_NAME = AppIcon;
				CODE_SIGN_STYLE = Automatic;
				DEVELOPMENT_TEAM = RD7HUSH4T7;
				INFOPLIST_FILE = DatingFirestore/Info.plist;
				LD_RUNPATH_SEARCH_PATHS = (
					"$(inherited)",
					"@executable_path/Frameworks",
				);
				PRODUCT_BUNDLE_IDENTIFIER = com.rahzadesign.DatingFirestore;
				PRODUCT_NAME = "$(TARGET_NAME)";
				SWIFT_VERSION = 4.2;
				TARGETED_DEVICE_FAMILY = "1,2";
			};
			name = Release;
		};
/* End XCBuildConfiguration section */

/* Begin XCConfigurationList section */
		FFE78044219969C9000C1194 /* Build configuration list for PBXProject "DatingFirestore" */ = {
			isa = XCConfigurationList;
			buildConfigurations = (
				FFE78059219969CB000C1194 /* Debug */,
				FFE7805A219969CB000C1194 /* Release */,
			);
			defaultConfigurationIsVisible = 0;
			defaultConfigurationName = Release;
		};
		FFE7805B219969CB000C1194 /* Build configuration list for PBXNativeTarget "DatingFirestore" */ = {
			isa = XCConfigurationList;
			buildConfigurations = (
				FFE7805C219969CB000C1194 /* Debug */,
				FFE7805D219969CB000C1194 /* Release */,
			);
			defaultConfigurationIsVisible = 0;
			defaultConfigurationName = Release;
		};
/* End XCConfigurationList section */
	};
	rootObject = FFE78041219969C9000C1194 /* Project object */;
}
